
Microsoft Visual Studio Solution File, Format Version 12.00
# Visual Studio Version 16
VisualStudioVersion = 16.0.31129.286
MinimumVisualStudioVersion = 10.0.40219.1
Project("{FAE04EC0-301F-11D3-BF4B-00C04F79EFBC}") = "PaginaWeb_PizzeriaItalia", "PaginaWeb_PizzeriaItalia\PaginaWeb_PizzeriaItalia.csproj", "{F550AEED-5DE2-4059-8F2A-C13BAA12D6E2}"
EndProject
Global
	GlobalSection(SolutionConfigurationPlatforms) = preSolution
		Debug|Any CPU = Debug|Any CPU
		Release|Any CPU = Release|Any CPU
	EndGlobalSection
	GlobalSection(ProjectConfigurationPlatforms) = postSolution
		{F550AEED-5DE2-4059-8F2A-C13BAA12D6E2}.Debug|Any CPU.ActiveCfg = Debug|Any CPU
		{F550AEED-5DE2-4059-8F2A-C13BAA12D6E2}.Debug|Any CPU.Build.0 = Debug|Any CPU
		{F550AEED-5DE2-4059-8F2A-C13BAA12D6E2}.Release|Any CPU.ActiveCfg = Release|Any CPU
		{F550AEED-5DE2-4059-8F2A-C13BAA12D6E2}.Release|Any CPU.Build.0 = Release|Any CPU
	EndGlobalSection
	GlobalSection(SolutionProperties) = preSolution
		HideSolutionNode = FALSE
	EndGlobalSection
	GlobalSection(ExtensibilityGlobals) = postSolution
		SolutionGuid = {F221D7F1-04D7-4DCC-B7BF-C0D4913FCA03}
	EndGlobalSection
EndGlobal
